
Microsoft Visual Studio Solution File, Format Version 12.00
# Visual Studio 15
VisualStudioVersion = 15.0.27703.2042
MinimumVisualStudioVersion = 10.0.40219.1
Project("{9A19103F-16F7-4668-BE54-9A1E7A4F7556}") = "DockItAPI", "DockItAPI\DockItAPI.csproj", "{8D605BB1-A98E-48E3-9B8E-6F95100E0BB1}"
EndProject
Project("{FAE04EC0-301F-11D3-BF4B-00C04F79EFBC}") = "DockItAPITest", "DockItAPITest\DockItAPITest.csproj", "{F275E220-1C4E-440E-B6A0-0679576F0721}"
EndProject
Global
	GlobalSection(SolutionConfigurationPlatforms) = preSolution
		Debug|Any CPU = Debug|Any CPU
		Release|Any CPU = Release|Any CPU
	EndGlobalSection
	GlobalSection(ProjectConfigurationPlatforms) = postSolution
		{8D605BB1-A98E-48E3-9B8E-6F95100E0BB1}.Debug|Any CPU.ActiveCfg = Debug|Any CPU
		{8D605BB1-A98E-48E3-9B8E-6F95100E0BB1}.Debug|Any CPU.Build.0 = Debug|Any CPU
		{8D605BB1-A98E-48E3-9B8E-6F95100E0BB1}.Release|Any CPU.ActiveCfg = Release|Any CPU
		{8D605BB1-A98E-48E3-9B8E-6F95100E0BB1}.Release|Any CPU.Build.0 = Release|Any CPU
		{F275E220-1C4E-440E-B6A0-0679576F0721}.Debug|Any CPU.ActiveCfg = Debug|Any CPU
		{F275E220-1C4E-440E-B6A0-0679576F0721}.Debug|Any CPU.Build.0 = Debug|Any CPU
		{F275E220-1C4E-440E-B6A0-0679576F0721}.Release|Any CPU.ActiveCfg = Release|Any CPU
		{F275E220-1C4E-440E-B6A0-0679576F0721}.Release|Any CPU.Build.0 = Release|Any CPU
	EndGlobalSection
	GlobalSection(SolutionProperties) = preSolution
		HideSolutionNode = FALSE
	EndGlobalSection
	GlobalSection(ExtensibilityGlobals) = postSolution
		SolutionGuid = {3C38803E-9056-4945-B3C8-A7A3AEAB6323}
	EndGlobalSection
EndGlobal
